// !$*UTF8*$!
{
	archiveVersion = 1;
	classes = {
	};
	objectVersion = 50;
	objects = {

/* Begin PBXBuildFile section */
		3A738F5F2598E14600E6E775 /* AppDelegate.swift in Sources */ = {isa = PBXBuildFile; fileRef = 3A738F5E2598E14600E6E775 /* AppDelegate.swift */; };
		3A738F612598E14600E6E775 /* SceneDelegate.swift in Sources */ = {isa = PBXBuildFile; fileRef = 3A738F602598E14600E6E775 /* SceneDelegate.swift */; };
		3A738F632598E14600E6E775 /* FirstViewController.swift in Sources */ = {isa = PBXBuildFile; fileRef = 3A738F622598E14600E6E775 /* FirstViewController.swift */; };
		3A738F662598E14600E6E775 /* Main.storyboard in Resources */ = {isa = PBXBuildFile; fileRef = 3A738F642598E14600E6E775 /* Main.storyboard */; };
		3A738F692598E14600E6E775 /* CoreDataAPI.xcdatamodeld in Sources */ = {isa = PBXBuildFile; fileRef = 3A738F672598E14600E6E775 /* CoreDataAPI.xcdatamodeld */; };
		3A738F6B2598E14900E6E775 /* Assets.xcassets in Resources */ = {isa = PBXBuildFile; fileRef = 3A738F6A2598E14900E6E775 /* Assets.xcassets */; };
		3A738F6E2598E14900E6E775 /* LaunchScreen.storyboard in Resources */ = {isa = PBXBuildFile; fileRef = 3A738F6C2598E14900E6E775 /* LaunchScreen.storyboard */; };
		3A738F772598E77300E6E775 /* DatabaseHelper.swift in Sources */ = {isa = PBXBuildFile; fileRef = 3A738F762598E77300E6E775 /* DatabaseHelper.swift */; };
		3A738F7B2598EF3D00E6E775 /* TableViewCell.swift in Sources */ = {isa = PBXBuildFile; fileRef = 3A738F792598EF3D00E6E775 /* TableViewCell.swift */; };
		3A738F7C2598EF3D00E6E775 /* TableViewCell.xib in Resources */ = {isa = PBXBuildFile; fileRef = 3A738F7A2598EF3D00E6E775 /* TableViewCell.xib */; };
		3A738F8025999F1700E6E775 /* SecondViewController.swift in Sources */ = {isa = PBXBuildFile; fileRef = 3A738F7F25999F1700E6E775 /* SecondViewController.swift */; };
/* End PBXBuildFile section */

/* Begin PBXFileReference section */
		3A738F5B2598E14600E6E775 /* CoreDataAPI.app */ = {isa = PBXFileReference; explicitFileType = wrapper.application; includeInIndex = 0; path = CoreDataAPI.app; sourceTree = BUILT_PRODUCTS_DIR; };
		3A738F5E2598E14600E6E775 /* AppDelegate.swift */ = {isa = PBXFileReference; lastKnownFileType = sourcecode.swift; path = AppDelegate.swift; sourceTree = "<group>"; };
		3A738F602598E14600E6E775 /* SceneDelegate.swift */ = {isa = PBXFileReference; lastKnownFileType = sourcecode.swift; path = SceneDelegate.swift; sourceTree = "<group>"; };
		3A738F622598E14600E6E775 /* FirstViewController.swift */ = {isa = PBXFileReference; lastKnownFileType = sourcecode.swift; path = FirstViewController.swift; sourceTree = "<group>"; };
		3A738F652598E14600E6E775 /* Base */ = {isa = PBXFileReference; lastKnownFileType = file.storyboard; name = Base; path = Base.lproj/Main.storyboard; sourceTree = "<group>"; };
		3A738F682598E14600E6E775 /* CoreDataAPI.xcdatamodel */ = {isa = PBXFileReference; lastKnownFileType = wrapper.xcdatamodel; path = CoreDataAPI.xcdatamodel; sourceTree = "<group>"; };
		3A738F6A2598E14900E6E775 /* Assets.xcassets */ = {isa = PBXFileReference; lastKnownFileType = folder.assetcatalog; path = Assets.xcassets; sourceTree = "<group>"; };
		3A738F6D2598E14900E6E775 /* Base */ = {isa = PBXFileReference; lastKnownFileType = file.storyboard; name = Base; path = Base.lproj/LaunchScreen.storyboard; sourceTree = "<group>"; };
		3A738F6F2598E14900E6E775 /* Info.plist */ = {isa = PBXFileReference; lastKnownFileType = text.plist.xml; path = Info.plist; sourceTree = "<group>"; };
		3A738F762598E77300E6E775 /* DatabaseHelper.swift */ = {isa = PBXFileReference; lastKnownFileType = sourcecode.swift; path = DatabaseHelper.swift; sourceTree = "<group>"; };
		3A738F792598EF3D00E6E775 /* TableViewCell.swift */ = {isa = PBXFileReference; lastKnownFileType = sourcecode.swift; path = TableViewCell.swift; sourceTree = "<group>"; };
		3A738F7A2598EF3D00E6E775 /* TableViewCell.xib */ = {isa = PBXFileReference; lastKnownFileType = file.xib; path = TableViewCell.xib; sourceTree = "<group>"; };
		3A738F7F25999F1700E6E775 /* SecondViewController.swift */ = {isa = PBXFileReference; lastKnownFileType = sourcecode.swift; path = SecondViewController.swift; sourceTree = "<group>"; };
/* End PBXFileReference section */

/* Begin PBXFrameworksBuildPhase section */
		3A738F582598E14600E6E775 /* Frameworks */ = {
			isa = PBXFrameworksBuildPhase;
			buildActionMask = 2147483647;
			files = (
			);
			runOnlyForDeploymentPostprocessing = 0;
		};
/* End PBXFrameworksBuildPhase section */

/* Begin PBXGroup section */
		3A738F522598E14600E6E775 = {
			isa = PBXGroup;
			children = (
				3A738F5D2598E14600E6E775 /* CoreDataAPI */,
				3A738F5C2598E14600E6E775 /* Products */,
			);
			sourceTree = "<group>";
		};
		3A738F5C2598E14600E6E775 /* Products */ = {
			isa = PBXGroup;
			children = (
				3A738F5B2598E14600E6E775 /* CoreDataAPI.app */,
			);
			name = Products;
			sourceTree = "<group>";
		};
		3A738F5D2598E14600E6E775 /* CoreDataAPI */ = {
			isa = PBXGroup;
			children = (
				3A738F5E2598E14600E6E775 /* AppDelegate.swift */,
				3A738F602598E14600E6E775 /* SceneDelegate.swift */,
				3A738F622598E14600E6E775 /* FirstViewController.swift */,
				3A738F642598E14600E6E775 /* Main.storyboard */,
				3A738F6A2598E14900E6E775 /* Assets.xcassets */,
				3A738F6C2598E14900E6E775 /* LaunchScreen.storyboard */,
				3A738F6F2598E14900E6E775 /* Info.plist */,
				3A738F672598E14600E6E775 /* CoreDataAPI.xcdatamodeld */,
				3A738F762598E77300E6E775 /* DatabaseHelper.swift */,
				3A738F792598EF3D00E6E775 /* TableViewCell.swift */,
				3A738F7A2598EF3D00E6E775 /* TableViewCell.xib */,
				3A738F7F25999F1700E6E775 /* SecondViewController.swift */,
			);
			path = CoreDataAPI;
			sourceTree = "<group>";
		};
/* End PBXGroup section */

/* Begin PBXNativeTarget section */
		3A738F5A2598E14600E6E775 /* CoreDataAPI */ = {
			isa = PBXNativeTarget;
			buildConfigurationList = 3A738F722598E14900E6E775 /* Build configuration list for PBXNativeTarget "CoreDataAPI" */;
			buildPhases = (
				3A738F572598E14600E6E775 /* Sources */,
				3A738F582598E14600E6E775 /* Frameworks */,
				3A738F592598E14600E6E775 /* Resources */,
			);
			buildRules = (
			);
			dependencies = (
			);
			name = CoreDataAPI;
			productName = CoreDataAPI;
			productReference = 3A738F5B2598E14600E6E775 /* CoreDataAPI.app */;
			productType = "com.apple.product-type.application";
		};
/* End PBXNativeTarget section */

/* Begin PBXProject section */
		3A738F532598E14600E6E775 /* Project object */ = {
			isa = PBXProject;
			attributes = {
				LastSwiftUpdateCheck = 1230;
				LastUpgradeCheck = 1230;
				TargetAttributes = {
					3A738F5A2598E14600E6E775 = {
						CreatedOnToolsVersion = 12.3;
					};
				};
			};
			buildConfigurationList = 3A738F562598E14600E6E775 /* Build configuration list for PBXProject "CoreDataAPI" */;
			compatibilityVersion = "Xcode 9.3";
			developmentRegion = en;
			hasScannedForEncodings = 0;
			knownRegions = (
				en,
				Base,
			);
			mainGroup = 3A738F522598E14600E6E775;
			productRefGroup = 3A738F5C2598E14600E6E775 /* Products */;
			projectDirPath = "";
			projectRoot = "";
			targets = (
				3A738F5A2598E14600E6E775 /* CoreDataAPI */,
			);
		};
/* End PBXProject section */

/* Begin PBXResourcesBuildPhase section */
		3A738F592598E14600E6E775 /* Resources */ = {
			isa = PBXResourcesBuildPhase;
			buildActionMask = 2147483647;
			files = (
				3A738F6E2598E14900E6E775 /* LaunchScreen.storyboard in Resources */,
				3A738F7C2598EF3D00E6E775 /* TableViewCell.xib in Resources */,
				3A738F6B2598E14900E6E775 /* Assets.xcassets in Resources */,
				3A738F662598E14600E6E775 /* Main.storyboard in Resources */,
			);
			runOnlyForDeploymentPostprocessing = 0;
		};
/* End PBXResourcesBuildPhase section */

/* Begin PBXSourcesBuildPhase section */
		3A738F572598E14600E6E775 /* Sources */ = {
			isa = PBXSourcesBuildPhase;
			buildActionMask = 2147483647;
			files = (
				3A738F632598E14600E6E775 /* FirstViewController.swift in Sources */,
				3A738F772598E77300E6E775 /* DatabaseHelper.swift in Sources */,
				3A738F692598E14600E6E775 /* CoreDataAPI.xcdatamodeld in Sources */,
				3A738F7B2598EF3D00E6E775 /* TableViewCell.swift in Sources */,
				3A738F8025999F1700E6E775 /* SecondViewController.swift in Sources */,
				3A738F5F2598E14600E6E775 /* AppDelegate.swift in Sources */,
				3A738F612598E14600E6E775 /* SceneDelegate.swift in Sources */,
			);
			runOnlyForDeploymentPostprocessing = 0;
		};
/* End PBXSourcesBuildPhase section */

/* Begin PBXVariantGroup section */
		3A738F642598E14600E6E775 /* Main.storyboard */ = {
			isa = PBXVariantGroup;
			children = (
				3A738F652598E14600E6E775 /* Base */,
			);
			name = Main.storyboard;
			sourceTree = "<group>";
		};
		3A738F6C2598E14900E6E775 /* LaunchScreen.storyboard */ = {
			isa = PBXVariantGroup;
			children = (
				3A738F6D2598E14900E6E775 /* Base */,
			);
			name = LaunchScreen.storyboard;
			sourceTree = "<group>";
		};
/* End PBXVariantGroup section */

/* Begin XCBuildConfiguration section */
		3A738F702598E14900E6E775 /* Debug */ = {
			isa = XCBuildConfiguration;
			buildSettings = {
				ALWAYS_SEARCH_USER_PATHS = NO;
				CLANG_ANALYZER_NONNULL = YES;
				CLANG_ANALYZER_NUMBER_OBJECT_CONVERSION = YES_AGGRESSIVE;
				CLANG_CXX_LANGUAGE_STANDARD = "gnu++14";
				CLANG_CXX_LIBRARY = "libc++";
				CLANG_ENABLE_MODULES = YES;
				CLANG_ENABLE_OBJC_ARC = YES;
				CLANG_ENABLE_OBJC_WEAK = YES;
				CLANG_WARN_BLOCK_CAPTURE_AUTORELEASING = YES;
				CLANG_WARN_BOOL_CONVERSION = YES;
				CLANG_WARN_COMMA = YES;
				CLANG_WARN_CONSTANT_CONVERSION = YES;
				CLANG_WARN_DEPRECATED_OBJC_IMPLEMENTATIONS = YES;
				CLANG_WARN_DIRECT_OBJC_ISA_USAGE = YES_ERROR;
				CLANG_WARN_DOCUMENTATION_COMMENTS = YES;
				CLANG_WARN_EMPTY_BODY = YES;
				CLANG_WARN_ENUM_CONVERSION = YES;
				CLANG_WARN_INFINITE_RECURSION = YES;
				CLANG_WARN_INT_CONVERSION = YES;
				CLANG_WARN_NON_LITERAL_NULL_CONVERSION = YES;
				CLANG_WARN_OBJC_IMPLICIT_RETAIN_SELF = YES;
				CLANG_WARN_OBJC_LITERAL_CONVERSION = YES;
				CLANG_WARN_OBJC_ROOT_CLASS = YES_ERROR;
				CLANG_WARN_QUOTED_INCLUDE_IN_FRAMEWORK_HEADER = YES;
				CLANG_WARN_RANGE_LOOP_ANALYSIS = YES;
				CLANG_WARN_STRICT_PROTOTYPES = YES;
				CLANG_WARN_SUSPICIOUS_MOVE = YES;
				CLANG_WARN_UNGUARDED_AVAILABILITY = YES_AGGRESSIVE;
				CLANG_WARN_UNREACHABLE_CODE = YES;
				CLANG_WARN__DUPLICATE_METHOD_MATCH = YES;
				COPY_PHASE_STRIP = NO;
				DEBUG_INFORMATION_FORMAT = dwarf;
				ENABLE_STRICT_OBJC_MSGSEND = YES;
				ENABLE_TESTABILITY = YES;
				GCC_C_LANGUAGE_STANDARD = gnu11;
				GCC_DYNAMIC_NO_PIC = NO;
				GCC_NO_COMMON_BLOCKS = YES;
				GCC_OPTIMIZATION_LEVEL = 0;
				GCC_PREPROCESSOR_DEFINITIONS = (
					"DEBUG=1",
					"$(inherited)",
				);
				GCC_WARN_64_TO_32_BIT_CONVERSION = YES;
				GCC_WARN_ABOUT_RETURN_TYPE = YES_ERROR;
				GCC_WARN_UNDECLARED_SELECTOR = YES;
				GCC_WARN_UNINITIALIZED_AUTOS = YES_AGGRESSIVE;
				GCC_WARN_UNUSED_FUNCTION = YES;
				GCC_WARN_UNUSED_VARIABLE = YES;
				IPHONEOS_DEPLOYMENT_TARGET = 14.3;
				MTL_ENABLE_DEBUG_INFO = INCLUDE_SOURCE;
				MTL_FAST_MATH = YES;
				ONLY_ACTIVE_ARCH = YES;
				SDKROOT = iphoneos;
				SWIFT_ACTIVE_COMPILATION_CONDITIONS = DEBUG;
				SWIFT_OPTIMIZATION_LEVEL = "-Onone";
			};
			name = Debug;
		};
		3A738F712598E14900E6E775 /* Release */ = {
			isa = XCBuildConfiguration;
			buildSettings = {
				ALWAYS_SEARCH_USER_PATHS = NO;
				CLANG_ANALYZER_NONNULL = YES;
				CLANG_ANALYZER_NUMBER_OBJECT_CONVERSION = YES_AGGRESSIVE;
				CLANG_CXX_LANGUAGE_STANDARD = "gnu++14";
				CLANG_CXX_LIBRARY = "libc++";
				CLANG_ENABLE_MODULES = YES;
				CLANG_ENABLE_OBJC_ARC = YES;
				CLANG_ENABLE_OBJC_WEAK = YES;
				CLANG_WARN_BLOCK_CAPTURE_AUTORELEASING = YES;
				CLANG_WARN_BOOL_CONVERSION = YES;
				CLANG_WARN_COMMA = YES;
				CLANG_WARN_CONSTANT_CONVERSION = YES;
				CLANG_WARN_DEPRECATED_OBJC_IMPLEMENTATIONS = YES;
				CLANG_WARN_DIRECT_OBJC_ISA_USAGE = YES_ERROR;
				CLANG_WARN_DOCUMENTATION_COMMENTS = YES;
				CLANG_WARN_EMPTY_BODY = YES;
				CLANG_WARN_ENUM_CONVERSION = YES;
				CLANG_WARN_INFINITE_RECURSION = YES;
				CLANG_WARN_INT_CONVERSION = YES;
				CLANG_WARN_NON_LITERAL_NULL_CONVERSION = YES;
				CLANG_WARN_OBJC_IMPLICIT_RETAIN_SELF = YES;
				CLANG_WARN_OBJC_LITERAL_CONVERSION = YES;
				CLANG_WARN_OBJC_ROOT_CLASS = YES_ERROR;
				CLANG_WARN_QUOTED_INCLUDE_IN_FRAMEWORK_HEADER = YES;
				CLANG_WARN_RANGE_LOOP_ANALYSIS = YES;
				CLANG_WARN_STRICT_PROTOTYPES = YES;
				CLANG_WARN_SUSPICIOUS_MOVE = YES;
				CLANG_WARN_UNGUARDED_AVAILABILITY = YES_AGGRESSIVE;
				CLANG_WARN_UNREACHABLE_CODE = YES;
				CLANG_WARN__DUPLICATE_METHOD_MATCH = YES;
				COPY_PHASE_STRIP = NO;
				DEBUG_INFORMATION_FORMAT = "dwarf-with-dsym";
				ENABLE_NS_ASSERTIONS = NO;
				ENABLE_STRICT_OBJC_MSGSEND = YES;
				GCC_C_LANGUAGE_STANDARD = gnu11;
				GCC_NO_COMMON_BLOCKS = YES;
				GCC_WARN_64_TO_32_BIT_CONVERSION = YES;
				GCC_WARN_ABOUT_RETURN_TYPE = YES_ERROR;
				GCC_WARN_UNDECLARED_SELECTOR = YES;
				GCC_WARN_UNINITIALIZED_AUTOS = YES_AGGRESSIVE;
				GCC_WARN_UNUSED_FUNCTION = YES;
				GCC_WARN_UNUSED_VARIABLE = YES;
				IPHONEOS_DEPLOYMENT_TARGET = 14.3;
				MTL_ENABLE_DEBUG_INFO = NO;
				MTL_FAST_MATH = YES;
				SDKROOT = iphoneos;
				SWIFT_COMPILATION_MODE = wholemodule;
				SWIFT_OPTIMIZATION_LEVEL = "-O";
				VALIDATE_PRODUCT = YES;
			};
			name = Release;
		};
		3A738F732598E14900E6E775 /* Debug */ = {
			isa = XCBuildConfiguration;
			buildSettings = {
				ASSETCATALOG_COMPILER_APPICON_NAME = AppIcon;
				ASSETCATALOG_COMPILER_GLOBAL_ACCENT_COLOR_NAME = AccentColor;
				CODE_SIGN_STYLE = Automatic;
				DEVELOPMENT_TEAM = HB6T22B977;
				INFOPLIST_FILE = CoreDataAPI/Info.plist;
				LD_RUNPATH_SEARCH_PATHS = (
					"$(inherited)",
					"@executable_path/Frameworks",
				);
				PRODUCT_BUNDLE_IDENTIFIER = com.brett.walton.project.CoreDataAPI;
				PRODUCT_NAME = "$(TARGET_NAME)";
				SWIFT_VERSION = 5.0;
				TARGETED_DEVICE_FAMILY = "1,2";
			};
			name = Debug;
		};
		3A738F742598E14900E6E775 /* Release */ = {
			isa = XCBuildConfiguration;
			buildSettings = {
				ASSETCATALOG_COMPILER_APPICON_NAME = AppIcon;
				ASSETCATALOG_COMPILER_GLOBAL_ACCENT_COLOR_NAME = AccentColor;
				CODE_SIGN_STYLE = Automatic;
				DEVELOPMENT_TEAM = HB6T22B977;
				INFOPLIST_FILE = CoreDataAPI/Info.plist;
				LD_RUNPATH_SEARCH_PATHS = (
					"$(inherited)",
					"@executable_path/Frameworks",
				);
				PRODUCT_BUNDLE_IDENTIFIER = com.brett.walton.project.CoreDataAPI;
				PRODUCT_NAME = "$(TARGET_NAME)";
				SWIFT_VERSION = 5.0;
				TARGETED_DEVICE_FAMILY = "1,2";
			};
			name = Release;
		};
/* End XCBuildConfiguration section */

/* Begin XCConfigurationList section */
		3A738F562598E14600E6E775 /* Build configuration list for PBXProject "CoreDataAPI" */ = {
			isa = XCConfigurationList;
			buildConfigurations = (
				3A738F702598E14900E6E775 /* Debug */,
				3A738F712598E14900E6E775 /* Release */,
			);
			defaultConfigurationIsVisible = 0;
			defaultConfigurationName = Release;
		};
		3A738F722598E14900E6E775 /* Build configuration list for PBXNativeTarget "CoreDataAPI" */ = {
			isa = XCConfigurationList;
			buildConfigurations = (
				3A738F732598E14900E6E775 /* Debug */,
				3A738F742598E14900E6E775 /* Release */,
			);
			defaultConfigurationIsVisible = 0;
			defaultConfigurationName = Release;
		};
/* End XCConfigurationList section */

/* Begin XCVersionGroup section */
		3A738F672598E14600E6E775 /* CoreDataAPI.xcdatamodeld */ = {
			isa = XCVersionGroup;
			children = (
				3A738F682598E14600E6E775 /* CoreDataAPI.xcdatamodel */,
			);
			currentVersion = 3A738F682598E14600E6E775 /* CoreDataAPI.xcdatamodel */;
			path = CoreDataAPI.xcdatamodeld;
			sourceTree = "<group>";
			versionGroupType = wrapper.xcdatamodel;
		};
/* End XCVersionGroup section */
	};
	rootObject = 3A738F532598E14600E6E775 /* Project object */;
}
